# This file is autogenerated, do not edit; changes may be undone by the next 'dep ensure'.


[[projects]]
  branch = "master"
  name = "github.com/julienschmidt/httprouter"
  packages = ["."]
  revision = "6aacfd5ab513e34f7e64ea9627ab9670371b34e7"

[solve-meta]
  analyzer-name = "dep"
  analyzer-version = 1
  inputs-digest = "4699905f9db6cd9d302481c809910da2207132243f148021092d3eb39946cc30"
  solver-name = "gps-cdcl"
  solver-version = 1
